{
  "name": "kis-reader-lib",
  "version": "1.0.0",
  "lockfileVersion": 1,
  "requires": true,
  "dependencies": {
    "@types/events": {
      "version": "3.0.0",
      "resolved": "https://registry.npmjs.org/@types/events/-/events-3.0.0.tgz",
      "integrity": "sha512-EaObqwIvayI5a8dCzhFrjKzVwKLxjoG9T6Ppd5CEo07LRKfQ8Yokw54r5+Wq7FaBQ+yXRvQAYPrHwya1/UFt9g==",
      "dev": true
    },
    "@types/node": {
      "version": "8.10.60",
      "resolved": "https://registry.npmjs.org/@types/node/-/node-8.10.60.tgz",
      "integrity": "sha512-YjPbypHFuiOV0bTgeF07HpEEqhmHaZqYNSdCKeBJa+yFoQ/7BC+FpJcwmi34xUIIRVFktnUyP1dPU8U0612GOg==",
      "dev": true
    },
    "@types/websocket": {
      "version": "0.0.38",
      "resolved": "https://registry.npmjs.org/@types/websocket/-/websocket-0.0.38.tgz",
      "integrity": "sha512-Z7dRTAiMoIjz9HBa/xb3k+2mx2uJx2sbnbkRRIvM+l/srNLfthHFBW/jD59thOcEa1/ZooKd30G0D+KGH9wU7Q==",
      "dev": true,
      "requires": {
        "@types/events": "*",
        "@types/node": "*"
      }
    },
    "@zeit/ncc": {
      "version": "0.22.1",
      "resolved": "https://registry.npmjs.org/@zeit/ncc/-/ncc-0.22.1.tgz",
      "integrity": "sha512-Qq3bMuonkcnV/96jhy9SQYdh39NXHxNMJ1O31ZFzWG9n52fR2DLtgrNzhj/ahlEjnBziMLGVWDbaS9sf03/fEw==",
      "dev": true
    },
    "typescript": {
      "version": "3.8.3",
      "resolved": "https://registry.npmjs.org/typescript/-/typescript-3.8.3.tgz",
      "integrity": "sha512-MYlEfn5VrLNsgudQTVJeNaQFUAI7DkhnOjdpAp4T+ku1TfQClewlbSuTVHiA+8skNBgaf02TL/kLOvig4y3G8w==",
      "dev": true
    }
  }
}
